
Microsoft Visual Studio Solution File, Format Version 12.00
# Visual Studio Version 17
VisualStudioVersion = 17.4.33103.184
MinimumVisualStudioVersion = 10.0.40219.1
Project("{FAE04EC0-301F-11D3-BF4B-00C04F79EFBC}") = "Pdf-file-demo-console-app", "Pdf-file-demo-console-app.csproj", "{97F7359A-51D5-4877-8E65-C970E64E57F9}"
EndProject
Global
	GlobalSection(SolutionConfigurationPlatforms) = preSolution
		Debug|Any CPU = Debug|Any CPU
		Release|Any CPU = Release|Any CPU
	EndGlobalSection
	GlobalSection(ProjectConfigurationPlatforms) = postSolution
		{97F7359A-51D5-4877-8E65-C970E64E57F9}.Debug|Any CPU.ActiveCfg = Debug|Any CPU
		{97F7359A-51D5-4877-8E65-C970E64E57F9}.Debug|Any CPU.Build.0 = Debug|Any CPU
		{97F7359A-51D5-4877-8E65-C970E64E57F9}.Release|Any CPU.ActiveCfg = Release|Any CPU
		{97F7359A-51D5-4877-8E65-C970E64E57F9}.Release|Any CPU.Build.0 = Release|Any CPU
	EndGlobalSection
	GlobalSection(SolutionProperties) = preSolution
		HideSolutionNode = FALSE
	EndGlobalSection
	GlobalSection(ExtensibilityGlobals) = postSolution
		SolutionGuid = {D8143718-F4AB-4929-AEE1-BFF519573D0F}
	EndGlobalSection
EndGlobal
